
Microsoft Visual Studio Solution File, Format Version 12.00
# Visual Studio Version 17
VisualStudioVersion = 17.14.36429.23 d17.14
MinimumVisualStudioVersion = 10.0.40219.1
Project("{FAE04EC0-301F-11D3-BF4B-00C04F79EFBC}") = "TreeEdgeRemoval", "TreeEdgeRemoval.csproj", "{876AF9C4-37A2-4FD6-8854-3C2CD050E272}"
EndProject
Global
	GlobalSection(SolutionConfigurationPlatforms) = preSolution
		Debug|Any CPU = Debug|Any CPU
		Release|Any CPU = Release|Any CPU
	EndGlobalSection
	GlobalSection(ProjectConfigurationPlatforms) = postSolution
		{876AF9C4-37A2-4FD6-8854-3C2CD050E272}.Debug|Any CPU.ActiveCfg = Debug|Any CPU
		{876AF9C4-37A2-4FD6-8854-3C2CD050E272}.Debug|Any CPU.Build.0 = Debug|Any CPU
		{876AF9C4-37A2-4FD6-8854-3C2CD050E272}.Release|Any CPU.ActiveCfg = Release|Any CPU
		{876AF9C4-37A2-4FD6-8854-3C2CD050E272}.Release|Any CPU.Build.0 = Release|Any CPU
	EndGlobalSection
	GlobalSection(SolutionProperties) = preSolution
		HideSolutionNode = FALSE
	EndGlobalSection
	GlobalSection(ExtensibilityGlobals) = postSolution
		SolutionGuid = {08B26E94-3250-41C4-8DB3-F43CC037C811}
	EndGlobalSection
EndGlobal
